// !$*UTF8*$!
{
	archiveVersion = 1;
	classes = {
	};
	objectVersion = 46;
	objects = {

/* Begin PBXBuildFile section */
		5C9DC12A1BD2B56100F78E20 /* AppDelegate.swift in Sources */ = {isa = PBXBuildFile; fileRef = 5C9DC1291BD2B56100F78E20 /* AppDelegate.swift */; };
		5C9DC12C1BD2B56100F78E20 /* ViewController.swift in Sources */ = {isa = PBXBuildFile; fileRef = 5C9DC12B1BD2B56100F78E20 /* ViewController.swift */; };
		5C9DC12F1BD2B56100F78E20 /* Main.storyboard in Resources */ = {isa = PBXBuildFile; fileRef = 5C9DC12D1BD2B56100F78E20 /* Main.storyboard */; };
		5C9DC1311BD2B56100F78E20 /* Assets.xcassets in Resources */ = {isa = PBXBuildFile; fileRef = 5C9DC1301BD2B56100F78E20 /* Assets.xcassets */; };
		5C9DC1341BD2B56100F78E20 /* LaunchScreen.storyboard in Resources */ = {isa = PBXBuildFile; fileRef = 5C9DC1321BD2B56100F78E20 /* LaunchScreen.storyboard */; };
		5C9DC13F1BD2B56100F78E20 /* LUKE_FIENDTests.swift in Sources */ = {isa = PBXBuildFile; fileRef = 5C9DC13E1BD2B56100F78E20 /* LUKE_FIENDTests.swift */; };
		5C9DC14A1BD2B56200F78E20 /* LUKE_FIENDUITests.swift in Sources */ = {isa = PBXBuildFile; fileRef = 5C9DC1491BD2B56200F78E20 /* LUKE_FIENDUITests.swift */; };
		5C9DC1971BD3234500F78E20 /* food-6.jpg in Resources */ = {isa = PBXBuildFile; fileRef = 5C9DC1961BD3234500F78E20 /* food-6.jpg */; settings = {ASSET_TAGS = (); }; };
/* End PBXBuildFile section */

/* Begin PBXContainerItemProxy section */
		5C9DC13B1BD2B56100F78E20 /* PBXContainerItemProxy */ = {
			isa = PBXContainerItemProxy;
			containerPortal = 5C9DC11E1BD2B56100F78E20 /* Project object */;
			proxyType = 1;
			remoteGlobalIDString = 5C9DC1251BD2B56100F78E20;
			remoteInfo = "LUKE FIEND";
		};
		5C9DC1461BD2B56100F78E20 /* PBXContainerItemProxy */ = {
			isa = PBXContainerItemProxy;
			containerPortal = 5C9DC11E1BD2B56100F78E20 /* Project object */;
			proxyType = 1;
			remoteGlobalIDString = 5C9DC1251BD2B56100F78E20;
			remoteInfo = "LUKE FIEND";
		};
/* End PBXContainerItemProxy section */

/* Begin PBXFileReference section */
		5C9DC1261BD2B56100F78E20 /* LUKE FIEND.app */ = {isa = PBXFileReference; explicitFileType = wrapper.application; includeInIndex = 0; path = "LUKE FIEND.app"; sourceTree = BUILT_PRODUCTS_DIR; };
		5C9DC1291BD2B56100F78E20 /* AppDelegate.swift */ = {isa = PBXFileReference; lastKnownFileType = sourcecode.swift; path = AppDelegate.swift; sourceTree = "<group>"; };
		5C9DC12B1BD2B56100F78E20 /* ViewController.swift */ = {isa = PBXFileReference; lastKnownFileType = sourcecode.swift; path = ViewController.swift; sourceTree = "<group>"; };
		5C9DC12E1BD2B56100F78E20 /* Base */ = {isa = PBXFileReference; lastKnownFileType = file.storyboard; name = Base; path = Base.lproj/Main.storyboard; sourceTree = "<group>"; };
		5C9DC1301BD2B56100F78E20 /* Assets.xcassets */ = {isa = PBXFileReference; lastKnownFileType = folder.assetcatalog; path = Assets.xcassets; sourceTree = "<group>"; };
		5C9DC1331BD2B56100F78E20 /* Base */ = {isa = PBXFileReference; lastKnownFileType = file.storyboard; name = Base; path = Base.lproj/LaunchScreen.storyboard; sourceTree = "<group>"; };
		5C9DC1351BD2B56100F78E20 /* Info.plist */ = {isa = PBXFileReference; lastKnownFileType = text.plist.xml; path = Info.plist; sourceTree = "<group>"; };
		5C9DC13A1BD2B56100F78E20 /* LUKE FIENDTests.xctest */ = {isa = PBXFileReference; explicitFileType = wrapper.cfbundle; includeInIndex = 0; path = "LUKE FIENDTests.xctest"; sourceTree = BUILT_PRODUCTS_DIR; };
		5C9DC13E1BD2B56100F78E20 /* LUKE_FIENDTests.swift */ = {isa = PBXFileReference; lastKnownFileType = sourcecode.swift; path = LUKE_FIENDTests.swift; sourceTree = "<group>"; };
		5C9DC1401BD2B56100F78E20 /* Info.plist */ = {isa = PBXFileReference; lastKnownFileType = text.plist.xml; path = Info.plist; sourceTree = "<group>"; };
		5C9DC1451BD2B56100F78E20 /* LUKE FIENDUITests.xctest */ = {isa = PBXFileReference; explicitFileType = wrapper.cfbundle; includeInIndex = 0; path = "LUKE FIENDUITests.xctest"; sourceTree = BUILT_PRODUCTS_DIR; };
		5C9DC1491BD2B56200F78E20 /* LUKE_FIENDUITests.swift */ = {isa = PBXFileReference; lastKnownFileType = sourcecode.swift; path = LUKE_FIENDUITests.swift; sourceTree = "<group>"; };
		5C9DC14B1BD2B56200F78E20 /* Info.plist */ = {isa = PBXFileReference; lastKnownFileType = text.plist.xml; path = Info.plist; sourceTree = "<group>"; };
		5C9DC1961BD3234500F78E20 /* food-6.jpg */ = {isa = PBXFileReference; lastKnownFileType = image.jpeg; name = "food-6.jpg"; path = "../../../Kayla's Stuff/food-6.jpg"; sourceTree = "<group>"; };
/* End PBXFileReference section */

/* Begin PBXFrameworksBuildPhase section */
		5C9DC1231BD2B56100F78E20 /* Frameworks */ = {
			isa = PBXFrameworksBuildPhase;
			buildActionMask = 2147483647;
			files = (
			);
			runOnlyForDeploymentPostprocessing = 0;
		};
		5C9DC1371BD2B56100F78E20 /* Frameworks */ = {
			isa = PBXFrameworksBuildPhase;
			buildActionMask = 2147483647;
			files = (
			);
			runOnlyForDeploymentPostprocessing = 0;
		};
		5C9DC1421BD2B56100F78E20 /* Frameworks */ = {
			isa = PBXFrameworksBuildPhase;
			buildActionMask = 2147483647;
			files = (
			);
			runOnlyForDeploymentPostprocessing = 0;
		};
/* End PBXFrameworksBuildPhase section */

/* Begin PBXGroup section */
		5C9DC11D1BD2B56100F78E20 = {
			isa = PBXGroup;
			children = (
				5C9DC1281BD2B56100F78E20 /* LUKE FIEND */,
				5C9DC13D1BD2B56100F78E20 /* LUKE FIENDTests */,
				5C9DC1481BD2B56200F78E20 /* LUKE FIENDUITests */,
				5C9DC1271BD2B56100F78E20 /* Products */,
			);
			sourceTree = "<group>";
		};
		5C9DC1271BD2B56100F78E20 /* Products */ = {
			isa = PBXGroup;
			children = (
				5C9DC1261BD2B56100F78E20 /* LUKE FIEND.app */,
				5C9DC13A1BD2B56100F78E20 /* LUKE FIENDTests.xctest */,
				5C9DC1451BD2B56100F78E20 /* LUKE FIENDUITests.xctest */,
			);
			name = Products;
			sourceTree = "<group>";
		};
		5C9DC1281BD2B56100F78E20 /* LUKE FIEND */ = {
			isa = PBXGroup;
			children = (
				5C9DC1291BD2B56100F78E20 /* AppDelegate.swift */,
				5C9DC12B1BD2B56100F78E20 /* ViewController.swift */,
				5C9DC12D1BD2B56100F78E20 /* Main.storyboard */,
				5C9DC1301BD2B56100F78E20 /* Assets.xcassets */,
				5C9DC1961BD3234500F78E20 /* food-6.jpg */,
				5C9DC1321BD2B56100F78E20 /* LaunchScreen.storyboard */,
				5C9DC1351BD2B56100F78E20 /* Info.plist */,
			);
			path = "LUKE FIEND";
			sourceTree = "<group>";
		};
		5C9DC13D1BD2B56100F78E20 /* LUKE FIENDTests */ = {
			isa = PBXGroup;
			children = (
				5C9DC13E1BD2B56100F78E20 /* LUKE_FIENDTests.swift */,
				5C9DC1401BD2B56100F78E20 /* Info.plist */,
			);
			path = "LUKE FIENDTests";
			sourceTree = "<group>";
		};
		5C9DC1481BD2B56200F78E20 /* LUKE FIENDUITests */ = {
			isa = PBXGroup;
			children = (
				5C9DC1491BD2B56200F78E20 /* LUKE_FIENDUITests.swift */,
				5C9DC14B1BD2B56200F78E20 /* Info.plist */,
			);
			path = "LUKE FIENDUITests";
			sourceTree = "<group>";
		};
/* End PBXGroup section */

/* Begin PBXNativeTarget section */
		5C9DC1251BD2B56100F78E20 /* LUKE FIEND */ = {
			isa = PBXNativeTarget;
			buildConfigurationList = 5C9DC14E1BD2B56200F78E20 /* Build configuration list for PBXNativeTarget "LUKE FIEND" */;
			buildPhases = (
				5C9DC1221BD2B56100F78E20 /* Sources */,
				5C9DC1231BD2B56100F78E20 /* Frameworks */,
				5C9DC1241BD2B56100F78E20 /* Resources */,
			);
			buildRules = (
			);
			dependencies = (
			);
			name = "LUKE FIEND";
			productName = "LUKE FIEND";
			productReference = 5C9DC1261BD2B56100F78E20 /* LUKE FIEND.app */;
			productType = "com.apple.product-type.application";
		};
		5C9DC1391BD2B56100F78E20 /* LUKE FIENDTests */ = {
			isa = PBXNativeTarget;
			buildConfigurationList = 5C9DC1511BD2B56200F78E20 /* Build configuration list for PBXNativeTarget "LUKE FIENDTests" */;
			buildPhases = (
				5C9DC1361BD2B56100F78E20 /* Sources */,
				5C9DC1371BD2B56100F78E20 /* Frameworks */,
				5C9DC1381BD2B56100F78E20 /* Resources */,
			);
			buildRules = (
			);
			dependencies = (
				5C9DC13C1BD2B56100F78E20 /* PBXTargetDependency */,
			);
			name = "LUKE FIENDTests";
			productName = "LUKE FIENDTests";
			productReference = 5C9DC13A1BD2B56100F78E20 /* LUKE FIENDTests.xctest */;
			productType = "com.apple.product-type.bundle.unit-test";
		};
		5C9DC1441BD2B56100F78E20 /* LUKE FIENDUITests */ = {
			isa = PBXNativeTarget;
			buildConfigurationList = 5C9DC1541BD2B56200F78E20 /* Build configuration list for PBXNativeTarget "LUKE FIENDUITests" */;
			buildPhases = (
				5C9DC1411BD2B56100F78E20 /* Sources */,
				5C9DC1421BD2B56100F78E20 /* Frameworks */,
				5C9DC1431BD2B56100F78E20 /* Resources */,
			);
			buildRules = (
			);
			dependencies = (
				5C9DC1471BD2B56100F78E20 /* PBXTargetDependency */,
			);
			name = "LUKE FIENDUITests";
			productName = "LUKE FIENDUITests";
			productReference = 5C9DC1451BD2B56100F78E20 /* LUKE FIENDUITests.xctest */;
			productType = "com.apple.product-type.bundle.ui-testing";
		};
/* End PBXNativeTarget section */

/* Begin PBXProject section */
		5C9DC11E1BD2B56100F78E20 /* Project object */ = {
			isa = PBXProject;
			attributes = {
				LastUpgradeCheck = 0700;
				ORGANIZATIONNAME = "Brandon Billstrand";
				TargetAttributes = {
					5C9DC1251BD2B56100F78E20 = {
						CreatedOnToolsVersion = 7.0.1;
					};
					5C9DC1391BD2B56100F78E20 = {
						CreatedOnToolsVersion = 7.0.1;
						TestTargetID = 5C9DC1251BD2B56100F78E20;
					};
					5C9DC1441BD2B56100F78E20 = {
						CreatedOnToolsVersion = 7.0.1;
						TestTargetID = 5C9DC1251BD2B56100F78E20;
					};
				};
			};
			buildConfigurationList = 5C9DC1211BD2B56100F78E20 /* Build configuration list for PBXProject "LUKE FIEND" */;
			compatibilityVersion = "Xcode 3.2";
			developmentRegion = English;
			hasScannedForEncodings = 0;
			knownRegions = (
				en,
				Base,
			);
			mainGroup = 5C9DC11D1BD2B56100F78E20;
			productRefGroup = 5C9DC1271BD2B56100F78E20 /* Products */;
			projectDirPath = "";
			projectRoot = "";
			targets = (
				5C9DC1251BD2B56100F78E20 /* LUKE FIEND */,
				5C9DC1391BD2B56100F78E20 /* LUKE FIENDTests */,
				5C9DC1441BD2B56100F78E20 /* LUKE FIENDUITests */,
			);
		};
/* End PBXProject section */

/* Begin PBXResourcesBuildPhase section */
		5C9DC1241BD2B56100F78E20 /* Resources */ = {
			isa = PBXResourcesBuildPhase;
			buildActionMask = 2147483647;
			files = (
				5C9DC1971BD3234500F78E20 /* food-6.jpg in Resources */,
				5C9DC1341BD2B56100F78E20 /* LaunchScreen.storyboard in Resources */,
				5C9DC1311BD2B56100F78E20 /* Assets.xcassets in Resources */,
				5C9DC12F1BD2B56100F78E20 /* Main.storyboard in Resources */,
			);
			runOnlyForDeploymentPostprocessing = 0;
		};
		5C9DC1381BD2B56100F78E20 /* Resources */ = {
			isa = PBXResourcesBuildPhase;
			buildActionMask = 2147483647;
			files = (
			);
			runOnlyForDeploymentPostprocessing = 0;
		};
		5C9DC1431BD2B56100F78E20 /* Resources */ = {
			isa = PBXResourcesBuildPhase;
			buildActionMask = 2147483647;
			files = (
			);
			runOnlyForDeploymentPostprocessing = 0;
		};
/* End PBXResourcesBuildPhase section */

/* Begin PBXSourcesBuildPhase section */
		5C9DC1221BD2B56100F78E20 /* Sources */ = {
			isa = PBXSourcesBuildPhase;
			buildActionMask = 2147483647;
			files = (
				5C9DC12C1BD2B56100F78E20 /* ViewController.swift in Sources */,
				5C9DC12A1BD2B56100F78E20 /* AppDelegate.swift in Sources */,
			);
			runOnlyForDeploymentPostprocessing = 0;
		};
		5C9DC1361BD2B56100F78E20 /* Sources */ = {
			isa = PBXSourcesBuildPhase;
			buildActionMask = 2147483647;
			files = (
				5C9DC13F1BD2B56100F78E20 /* LUKE_FIENDTests.swift in Sources */,
			);
			runOnlyForDeploymentPostprocessing = 0;
		};
		5C9DC1411BD2B56100F78E20 /* Sources */ = {
			isa = PBXSourcesBuildPhase;
			buildActionMask = 2147483647;
			files = (
				5C9DC14A1BD2B56200F78E20 /* LUKE_FIENDUITests.swift in Sources */,
			);
			runOnlyForDeploymentPostprocessing = 0;
		};
/* End PBXSourcesBuildPhase section */

/* Begin PBXTargetDependency section */
		5C9DC13C1BD2B56100F78E20 /* PBXTargetDependency */ = {
			isa = PBXTargetDependency;
			target = 5C9DC1251BD2B56100F78E20 /* LUKE FIEND */;
			targetProxy = 5C9DC13B1BD2B56100F78E20 /* PBXContainerItemProxy */;
		};
		5C9DC1471BD2B56100F78E20 /* PBXTargetDependency */ = {
			isa = PBXTargetDependency;
			target = 5C9DC1251BD2B56100F78E20 /* LUKE FIEND */;
			targetProxy = 5C9DC1461BD2B56100F78E20 /* PBXContainerItemProxy */;
		};
/* End PBXTargetDependency section */

/* Begin PBXVariantGroup section */
		5C9DC12D1BD2B56100F78E20 /* Main.storyboard */ = {
			isa = PBXVariantGroup;
			children = (
				5C9DC12E1BD2B56100F78E20 /* Base */,
			);
			name = Main.storyboard;
			sourceTree = "<group>";
		};
		5C9DC1321BD2B56100F78E20 /* LaunchScreen.storyboard */ = {
			isa = PBXVariantGroup;
			children = (
				5C9DC1331BD2B56100F78E20 /* Base */,
			);
			name = LaunchScreen.storyboard;
			sourceTree = "<group>";
		};
/* End PBXVariantGroup section */

/* Begin XCBuildConfiguration section */
		5C9DC14C1BD2B56200F78E20 /* Debug */ = {
			isa = XCBuildConfiguration;
			buildSettings = {
				ALWAYS_SEARCH_USER_PATHS = NO;
				CLANG_CXX_LANGUAGE_STANDARD = "gnu++0x";
				CLANG_CXX_LIBRARY = "libc++";
				CLANG_ENABLE_MODULES = YES;
				CLANG_ENABLE_OBJC_ARC = YES;
				CLANG_WARN_BOOL_CONVERSION = YES;
				CLANG_WARN_CONSTANT_CONVERSION = YES;
				CLANG_WARN_DIRECT_OBJC_ISA_USAGE = YES_ERROR;
				CLANG_WARN_EMPTY_BODY = YES;
				CLANG_WARN_ENUM_CONVERSION = YES;
				CLANG_WARN_INT_CONVERSION = YES;
				CLANG_WARN_OBJC_ROOT_CLASS = YES_ERROR;
				CLANG_WARN_UNREACHABLE_CODE = YES;
				CLANG_WARN__DUPLICATE_METHOD_MATCH = YES;
				"CODE_SIGN_IDENTITY[sdk=iphoneos*]" = "iPhone Developer";
				COPY_PHASE_STRIP = NO;
				DEBUG_INFORMATION_FORMAT = dwarf;
				ENABLE_STRICT_OBJC_MSGSEND = YES;
				ENABLE_TESTABILITY = YES;
				GCC_C_LANGUAGE_STANDARD = gnu99;
				GCC_DYNAMIC_NO_PIC = NO;
				GCC_NO_COMMON_BLOCKS = YES;
				GCC_OPTIMIZATION_LEVEL = 0;
				GCC_PREPROCESSOR_DEFINITIONS = (
					"DEBUG=1",
					"$(inherited)",
				);
				GCC_WARN_64_TO_32_BIT_CONVERSION = YES;
				GCC_WARN_ABOUT_RETURN_TYPE = YES_ERROR;
				GCC_WARN_UNDECLARED_SELECTOR = YES;
				GCC_WARN_UNINITIALIZED_AUTOS = YES_AGGRESSIVE;
				GCC_WARN_UNUSED_FUNCTION = YES;
				GCC_WARN_UNUSED_VARIABLE = YES;
				IPHONEOS_DEPLOYMENT_TARGET = 9.0;
				MTL_ENABLE_DEBUG_INFO = YES;
				ONLY_ACTIVE_ARCH = YES;
				SDKROOT = iphoneos;
				SWIFT_OPTIMIZATION_LEVEL = "-Onone";
				TARGETED_DEVICE_FAMILY = "1,2";
			};
			name = Debug;
		};
		5C9DC14D1BD2B56200F78E20 /* Release */ = {
			isa = XCBuildConfiguration;
			buildSettings = {
				ALWAYS_SEARCH_USER_PATHS = NO;
				CLANG_CXX_LANGUAGE_STANDARD = "gnu++0x";
				CLANG_CXX_LIBRARY = "libc++";
				CLANG_ENABLE_MODULES = YES;
				CLANG_ENABLE_OBJC_ARC = YES;
				CLANG_WARN_BOOL_CONVERSION = YES;
				CLANG_WARN_CONSTANT_CONVERSION = YES;
				CLANG_WARN_DIRECT_OBJC_ISA_USAGE = YES_ERROR;
				CLANG_WARN_EMPTY_BODY = YES;
				CLANG_WARN_ENUM_CONVERSION = YES;
				CLANG_WARN_INT_CONVERSION = YES;
				CLANG_WARN_OBJC_ROOT_CLASS = YES_ERROR;
				CLANG_WARN_UNREACHABLE_CODE = YES;
				CLANG_WARN__DUPLICATE_METHOD_MATCH = YES;
				"CODE_SIGN_IDENTITY[sdk=iphoneos*]" = "iPhone Developer";
				COPY_PHASE_STRIP = NO;
				DEBUG_INFORMATION_FORMAT = "dwarf-with-dsym";
				ENABLE_NS_ASSERTIONS = NO;
				ENABLE_STRICT_OBJC_MSGSEND = YES;
				GCC_C_LANGUAGE_STANDARD = gnu99;
				GCC_NO_COMMON_BLOCKS = YES;
				GCC_WARN_64_TO_32_BIT_CONVERSION = YES;
				GCC_WARN_ABOUT_RETURN_TYPE = YES_ERROR;
				GCC_WARN_UNDECLARED_SELECTOR = YES;
				GCC_WARN_UNINITIALIZED_AUTOS = YES_AGGRESSIVE;
				GCC_WARN_UNUSED_FUNCTION = YES;
				GCC_WARN_UNUSED_VARIABLE = YES;
				IPHONEOS_DEPLOYMENT_TARGET = 9.0;
				MTL_ENABLE_DEBUG_INFO = NO;
				SDKROOT = iphoneos;
				TARGETED_DEVICE_FAMILY = "1,2";
				VALIDATE_PRODUCT = YES;
			};
			name = Release;
		};
		5C9DC14F1BD2B56200F78E20 /* Debug */ = {
			isa = XCBuildConfiguration;
			buildSettings = {
				ASSETCATALOG_COMPILER_APPICON_NAME = AppIcon;
				INFOPLIST_FILE = "LUKE FIEND/Info.plist";
				LD_RUNPATH_SEARCH_PATHS = "$(inherited) @executable_path/Frameworks";
				PRODUCT_BUNDLE_IDENTIFIER = "Fiend.LUKE-FIEND";
				PRODUCT_NAME = "$(TARGET_NAME)";
			};
			name = Debug;
		};
		5C9DC1501BD2B56200F78E20 /* Release */ = {
			isa = XCBuildConfiguration;
			buildSettings = {
				ASSETCATALOG_COMPILER_APPICON_NAME = AppIcon;
				INFOPLIST_FILE = "LUKE FIEND/Info.plist";
				LD_RUNPATH_SEARCH_PATHS = "$(inherited) @executable_path/Frameworks";
				PRODUCT_BUNDLE_IDENTIFIER = "Fiend.LUKE-FIEND";
				PRODUCT_NAME = "$(TARGET_NAME)";
			};
			name = Release;
		};
		5C9DC1521BD2B56200F78E20 /* Debug */ = {
			isa = XCBuildConfiguration;
			buildSettings = {
				BUNDLE_LOADER = "$(TEST_HOST)";
				INFOPLIST_FILE = "LUKE FIENDTests/Info.plist";
				LD_RUNPATH_SEARCH_PATHS = "$(inherited) @executable_path/Frameworks @loader_path/Frameworks";
				PRODUCT_BUNDLE_IDENTIFIER = "Fiend.LUKE-FIENDTests";
				PRODUCT_NAME = "$(TARGET_NAME)";
				TEST_HOST = "$(BUILT_PRODUCTS_DIR)/LUKE FIEND.app/LUKE FIEND";
			};
			name = Debug;
		};
		5C9DC1531BD2B56200F78E20 /* Release */ = {
			isa = XCBuildConfiguration;
			buildSettings = {
				BUNDLE_LOADER = "$(TEST_HOST)";
				INFOPLIST_FILE = "LUKE FIENDTests/Info.plist";
				LD_RUNPATH_SEARCH_PATHS = "$(inherited) @executable_path/Frameworks @loader_path/Frameworks";
				PRODUCT_BUNDLE_IDENTIFIER = "Fiend.LUKE-FIENDTests";
				PRODUCT_NAME = "$(TARGET_NAME)";
				TEST_HOST = "$(BUILT_PRODUCTS_DIR)/LUKE FIEND.app/LUKE FIEND";
			};
			name = Release;
		};
		5C9DC1551BD2B56200F78E20 /* Debug */ = {
			isa = XCBuildConfiguration;
			buildSettings = {
				INFOPLIST_FILE = "LUKE FIENDUITests/Info.plist";
				LD_RUNPATH_SEARCH_PATHS = "$(inherited) @executable_path/Frameworks @loader_path/Frameworks";
				PRODUCT_BUNDLE_IDENTIFIER = "Fiend.LUKE-FIENDUITests";
				PRODUCT_NAME = "$(TARGET_NAME)";
				TEST_TARGET_NAME = "LUKE FIEND";
				USES_XCTRUNNER = YES;
			};
			name = Debug;
		};
		5C9DC1561BD2B56200F78E20 /* Release */ = {
			isa = XCBuildConfiguration;
			buildSettings = {
				INFOPLIST_FILE = "LUKE FIENDUITests/Info.plist";
				LD_RUNPATH_SEARCH_PATHS = "$(inherited) @executable_path/Frameworks @loader_path/Frameworks";
				PRODUCT_BUNDLE_IDENTIFIER = "Fiend.LUKE-FIENDUITests";
				PRODUCT_NAME = "$(TARGET_NAME)";
				TEST_TARGET_NAME = "LUKE FIEND";
				USES_XCTRUNNER = YES;
			};
			name = Release;
		};
/* End XCBuildConfiguration section */

/* Begin XCConfigurationList section */
		5C9DC1211BD2B56100F78E20 /* Build configuration list for PBXProject "LUKE FIEND" */ = {
			isa = XCConfigurationList;
			buildConfigurations = (
				5C9DC14C1BD2B56200F78E20 /* Debug */,
				5C9DC14D1BD2B56200F78E20 /* Release */,
			);
			defaultConfigurationIsVisible = 0;
			defaultConfigurationName = Release;
		};
		5C9DC14E1BD2B56200F78E20 /* Build configuration list for PBXNativeTarget "LUKE FIEND" */ = {
			isa = XCConfigurationList;
			buildConfigurations = (
				5C9DC14F1BD2B56200F78E20 /* Debug */,
				5C9DC1501BD2B56200F78E20 /* Release */,
			);
			defaultConfigurationIsVisible = 0;
		};
		5C9DC1511BD2B56200F78E20 /* Build configuration list for PBXNativeTarget "LUKE FIENDTests" */ = {
			isa = XCConfigurationList;
			buildConfigurations = (
				5C9DC1521BD2B56200F78E20 /* Debug */,
				5C9DC1531BD2B56200F78E20 /* Release */,
			);
			defaultConfigurationIsVisible = 0;
		};
		5C9DC1541BD2B56200F78E20 /* Build configuration list for PBXNativeTarget "LUKE FIENDUITests" */ = {
			isa = XCConfigurationList;
			buildConfigurations = (
				5C9DC1551BD2B56200F78E20 /* Debug */,
				5C9DC1561BD2B56200F78E20 /* Release */,
			);
			defaultConfigurationIsVisible = 0;
		};
/* End XCConfigurationList section */
	};
	rootObject = 5C9DC11E1BD2B56100F78E20 /* Project object */;
}
